{
  "meteor": {},
  "dependencies": {
    "basePackages": {
      "xml2js": {}
    },
    "packages": {
      "xml2js": {
        "git": "https://github.com/peerlibrary/meteor-xml2js.git",
        "tag": "v0.4.1-1",
        "commit": "18aeb92fbbcdf916c66fb87a8617c4b86f376f91"
      },
      "blocking": {
        "git": "https://github.com/peerlibrary/meteor-blocking.git",
        "tag": "v0.4.0",
        "commit": "e25a0be72e771b317b26d2bb5758c983bdcef23c"
      }
    }
  }
}
